
Microsoft Visual Studio Solution File, Format Version 12.00
# Visual Studio Version 17
VisualStudioVersion = 17.13.35919.96 d17.13
MinimumVisualStudioVersion = 10.0.40219.1
Project("{FAE04EC0-301F-11D3-BF4B-00C04F79EFBC}") = "ContinuouslyRunningConsole", "ContinuouslyRunningConsole\ContinuouslyRunningConsole.csproj", "{1AA9999F-F545-4CDC-85A0-0609B2A9C36C}"
EndProject
Global
	GlobalSection(SolutionConfigurationPlatforms) = preSolution
		Debug|Any CPU = Debug|Any CPU
		Release|Any CPU = Release|Any CPU
	EndGlobalSection
	GlobalSection(ProjectConfigurationPlatforms) = postSolution
		{1AA9999F-F545-4CDC-85A0-0609B2A9C36C}.Debug|Any CPU.ActiveCfg = Debug|Any CPU
		{1AA9999F-F545-4CDC-85A0-0609B2A9C36C}.Debug|Any CPU.Build.0 = Debug|Any CPU
		{1AA9999F-F545-4CDC-85A0-0609B2A9C36C}.Release|Any CPU.ActiveCfg = Release|Any CPU
		{1AA9999F-F545-4CDC-85A0-0609B2A9C36C}.Release|Any CPU.Build.0 = Release|Any CPU
	EndGlobalSection
	GlobalSection(SolutionProperties) = preSolution
		HideSolutionNode = FALSE
	EndGlobalSection
	GlobalSection(ExtensibilityGlobals) = postSolution
		SolutionGuid = {07A27F9C-A821-48E3-A6E2-9A857C8486F8}
	EndGlobalSection
EndGlobal
